# This file is automatically @generated by Poetry 2.4.1 and should not be changed by hand.

[[package]]
name = "bcrypt"
version = "5.0.0"
description = "Modern password hashing for your software and your servers"
optional = false
python-versions = ">=3.8"
groups = ["main"]
files = [
    {file = "bcrypt-5.0.0-cp313-cp313t-macosx_10_12_universal2.whl", hash = "sha256:f3c08197f3039bec79cee59a606d62b96b16669cff3949f21e74796b6e3cd2be"},
    {file = "bcrypt-5.0.0-cp313-cp313t-manylinux2014_aarch64.manylinux_2_17_aarch64.whl", hash = "sha256:200af71bc25f22006f4069060c88ed36f8aa4ff7f53e67ff04d2ab3f1e79a5b2"},
    {file = "bcrypt-5.0.0-cp313-cp313t-manylinux2014_x86_64.manylinux_2_17_x86_64.whl", hash = "sha256:baade0a5657654c2984468efb7d6c110db87ea63ef5a4b54732e7e337253e44f"},
    {file = "bcrypt-5.0.0-cp313-cp313t-manylinux_2_28_aarch64.whl", hash = "sha256:c58b56cdfb03202b3bcc9fd8daee8e8e9b6d7e3163aa97c631dfcfcc24d36c86"},
    {file = "bcrypt-5.0.0-cp313-cp313t-manylinux_2_28_armv7l.manylinux_2_31_armv7l.whl", hash = "sha256:4bfd2a34de661f34d0bda43c3e4e79df586e4716ef401fe31ea39d69d581ef23"},
    {file = "bcrypt-5.0.0-cp313-cp313t-manylinux_2_28_x86_64.whl", hash = "sha256:ed2e1365e31fc73f1825fa830f1c8f8917ca1b3ca6185773b349c20fd606cec2"},
    {file = "bcrypt-5.0.0-cp313-cp313t-manylinux_2_34_aarch64.whl", hash = "sha256:83e787d7a84dbbfba6f250dd7a5efd689e935f03dd83b0f919d39349e1f23f83"},
    {file = "bcrypt-5.0.0-cp313-cp313t-manylinux_2_34_x86_64.whl", hash = "sha256:137c5156524328a24b9fac1cb5db0ba618bc97d11970b39184c1d87dc4bf1746"},
    {file = "bcrypt-5.0.0-cp313-cp313t-musllinux_1_1_aarch64.whl", hash = "sha256:38cac74101777a6a7d3b3e3cfefa57089b5ada650dce2baf0cbdd9d65db22a9e"},
    {file = "bcrypt-5.0.0-cp313-cp313t-musllinux_1_1_x86_64.whl", hash = "sha256:d8d65b564ec849643d9f7ea05c6d9f0cd7ca23bdd4ac0c2dbef1104ab504543d"},
    {file = "bcrypt-5.0.0-cp313-cp313t-musllinux_1_2_aarch64.whl", hash = "sha256:741449132f64b3524e95cd30e5cd3343006ce146088f074f31ab26b94e6c75ba"},
    {file = "bcrypt-5.0.0-cp313-cp313t-musllinux_1_2_x86_64.whl", hash = "sha256:212139484ab3207b1f0c00633d3be92fef3c5f0af17cad155679d03ff2ee1e41"},
    {file = "bcrypt-5.0.0-cp313-cp313t-win32.whl", hash = "sha256:9d52ed507c2488eddd6a95bccee4e808d3234fa78dd370e24bac65a21212b861"},
    {file = "bcrypt-5.0.0-cp313-cp313t-win_amd64.whl", hash = "sha256:f6984a24db30548fd39a44360532898c33528b74aedf81c26cf29c51ee47057e"},
    {file = "bcrypt-5.0.0-cp313-cp313t-win_arm64.whl", hash = "sha256:9fffdb387abe6aa775af36ef16f55e318dcda4194ddbf82007a6f21da29de8f5"},
    {file = "bcrypt-5.0.0-cp314-cp314t-macosx_10_12_universal2.whl", hash = "sha256:4870a52610537037adb382444fefd3706d96d663ac44cbb2f37e3919dca3d7ef"},
    {file = "bcrypt-5.0.0-cp314-cp314t-manylinux2014_aarch64.manylinux_2_17_aarch64.whl", hash = "sha256:48f753100931605686f74e27a7b49238122aa761a9aefe9373265b8b7aa43ea4"},
    {file = "bcrypt-5.0.0-cp314-cp314t-manylinux2014_x86_64.manylinux_2_17_x86_64.whl", hash = "sha256:f70aadb7a809305226daedf75d90379c397b094755a710d7014b8b117df1ebbf"},
    {file = "bcrypt-5.0.0-cp314-cp314t-manylinux_2_28_aarch64.whl", hash = "sha256:744d3c6b164caa658adcb72cb8cc9ad9b4b75c7db507ab4bc2480474a51989da"},
    {file = "bcrypt-5.0.0-cp314-cp314t-manylinux_2_28_armv7l.manylinux_2_31_armv7l.whl", hash = "sha256:a28bc05039bdf3289d757f49d616ab3efe8cf40d8e8001ccdd621cd4f98f4fc9"},
    {file = "bcrypt-5.0.0-cp314-cp314t-manylinux_2_28_x86_64.whl", hash = "sha256:7f277a4b3390ab4bebe597800a90da0edae882c6196d3038a73adf446c4f969f"},
    {file = "bcrypt-5.0.0-cp314-cp314t-manylinux_2_34_aarch64.whl", hash = "sha256:79cfa161eda8d2ddf29acad370356b47f02387153b11d46042e93a0a95127493"},
    {file = "bcrypt-5.0.0-cp314-cp314t-manylinux_2_34_x86_64.whl", hash = "sha256:a5393eae5722bcef046a990b84dff02b954904c36a194f6cfc817d7dca6c6f0b"},
    {file = "bcrypt-5.0.0-cp314-cp314t-musllinux_1_2_aarch64.whl", hash = "sha256:7f4c94dec1b5ab5d522750cb059bb9409ea8872d4494fd152b53cca99f1ddd8c"},
    {file = "bcrypt-5.0.0-cp314-cp314t-musllinux_1_2_x86_64.whl", hash = "sha256:0cae4cb350934dfd74c020525eeae0a5f79257e8a201c0c176f4b84fdbf2a4b4"},
    {file = "bcrypt-5.0.0-cp314-cp314t-win32.whl", hash = "sha256:b17366316c654e1ad0306a6858e189fc835eca39f7eb2cafd6aaca8ce0c40a2e"},
    {file = "bcrypt-5.0.0-cp314-cp314t-win_amd64.whl", hash = "sha256:92864f54fb48b4c718fc92a32825d0e42265a627f956bc0361fe869f1adc3e7d"},
    {file = "bcrypt-5.0.0-cp314-cp314t-win_arm64.whl", hash = "sha256:dd19cf5184a90c873009244586396a6a884d591a5323f0e8a5922560718d4993"},
    {file = "bcrypt-5.0.0-cp38-abi3-macosx_10_12_universal2.whl", hash = "sha256:fc746432b951e92b58317af8e0ca746efe93e66555f1b40888865ef5bf56446b"},
    {file = "bcrypt-5.0.0-cp38-abi3-manylinux2014_aarch64.manylinux_2_17_aarch64.whl", hash = "sha256:c2388ca94ffee269b6038d48747f4ce8df0ffbea43f31abfa18ac72f0218effb"},
    {file = "bcrypt-5.0.0-cp38-abi3-manylinux2014_x86_64.manylinux_2_17_x86_64.whl", hash = "sha256:560ddb6ec730386e7b3b26b8b4c88197aaed924430e7b74666a586ac997249ef"},
    {file = "bcrypt-5.0.0-cp38-abi3-manylinux_2_28_aarch64.whl", hash = "sha256:d79e5c65dcc9af213594d6f7f1fa2c98ad3fc10431e7aa53c176b441943efbdd"},
    {file = "bcrypt-5.0.0-cp38-abi3-manylinux_2_28_armv7l.manylinux_2_31_armv7l.whl", hash = "sha256:2b732e7d388fa22d48920baa267ba5d97cca38070b69c0e2d37087b381c681fd"},
    {file = "bcrypt-5.0.0-cp38-abi3-manylinux_2_28_x86_64.whl", hash = "sha256:0c8e093ea2532601a6f686edbc2c6b2ec24131ff5c52f7610dd64fa4553b5464"},
    {file = "bcrypt-5.0.0-cp38-abi3-manylinux_2_34_aarch64.whl", hash = "sha256:5b1589f4839a0899c146e8892efe320c0fa096568abd9b95593efac50a87cb75"},
    {file = "bcrypt-5.0.0-cp38-abi3-manylinux_2_34_x86_64.whl", hash = "sha256:89042e61b5e808b67daf24a434d89bab164d4de1746b37a8d173b6b14f3db9ff"},
    {file = "bcrypt-5.0.0-cp38-abi3-musllinux_1_1_aarch64.whl", hash = "sha256:e3cf5b2560c7b5a142286f69bde914494b6d8f901aaa71e453078388a50881c4"},
    {file = "bcrypt-5.0.0-cp38-abi3-musllinux_1_1_x86_64.whl", hash = "sha256:f632fd56fc4e61564f78b46a2269153122db34988e78b6be8b32d28507b7eaeb"},
    {file = "bcrypt-5.0.0-cp38-abi3-musllinux_1_2_aarch64.whl", hash = "sha256:801cad5ccb6b87d1b430f183269b94c24f248dddbbc5c1f78b6ed231743e001c"},
    {file = "bcrypt-5.0.0-cp38-abi3-musllinux_1_2_x86_64.whl", hash = "sha256:3cf67a804fc66fc217e6914a5635000259fbbbb12e78a99488e4d5ba445a71eb"},
    {file = "bcrypt-5.0.0-cp38-abi3-win32.whl", hash = "sha256:3abeb543874b2c0524ff40c57a4e14e5d3a66ff33fb423529c88f180fd756538"},
    {file = "bcrypt-5.0.0-cp38-abi3-win_amd64.whl", hash = "sha256:35a77ec55b541e5e583eb3436ffbbf53b0ffa1fa16ca6782279daf95d146dcd9"},
    {file = "bcrypt-5.0.0-cp38-abi3-win_arm64.whl", hash = "sha256:cde08734f12c6a4e28dc6755cd11d3bdfea608d93d958fffbe95a7026ebe4980"},
    {file = "bcrypt-5.0.0-cp39-abi3-macosx_10_12_universal2.whl", hash = "sha256:0c418ca99fd47e9c59a301744d63328f17798b5947b0f791e9af3c1c499c2d0a"},
    {file = "bcrypt-5.0.0-cp39-abi3-manylinux2014_aarch64.manylinux_2_17_aarch64.whl", hash = "sha256:ddb4e1500f6efdd402218ffe34d040a1196c072e07929b9820f363a1fd1f4191"},
    {file = "bcrypt-5.0.0-cp39-abi3-manylinux2014_x86_64.manylinux_2_17_x86_64.whl", hash = "sha256:7aeef54b60ceddb6f30ee3db090351ecf0d40ec6e2abf41430997407a46d2254"},
    {file = "bcrypt-5.0.0-cp39-abi3-manylinux_2_28_aarch64.whl", hash = "sha256:f0ce778135f60799d89c9693b9b398819d15f1921ba15fe719acb3178215a7db"},
    {file = "bcrypt-5.0.0-cp39-abi3-manylinux_2_28_armv7l.manylinux_2_31_armv7l.whl", hash = "sha256:a71f70ee269671460b37a449f5ff26982a6f2ba493b3eabdd687b4bf35f875ac"},
    {file = "bcrypt-5.0.0-cp39-abi3-manylinux_2_28_x86_64.whl", hash = "sha256:f8429e1c410b4073944f03bd778a9e066e7fad723564a52ff91841d278dfc822"},
    {file = "bcrypt-5.0.0-cp39-abi3-manylinux_2_34_aarch64.whl", hash = "sha256:edfcdcedd0d0f05850c52ba3127b1fce70b9f89e0fe5ff16517df7e81fa3cbb8"},
    {file = "bcrypt-5.0.0-cp39-abi3-manylinux_2_34_x86_64.whl", hash = "sha256:611f0a17aa4a25a69362dcc299fda5c8a3d4f160e2abb3831041feb77393a14a"},
    {file = "bcrypt-5.0.0-cp39-abi3-musllinux_1_1_aarch64.whl", hash = "sha256:db99dca3b1fdc3db87d7c57eac0c82281242d1eabf19dcb8a6b10eb29a2e72d1"},
    {file = "bcrypt-5.0.0-cp39-abi3-musllinux_1_1_x86_64.whl", hash = "sha256:5feebf85a9cefda32966d8171f5db7e3ba964b77fdfe31919622256f80f9cf42"},
    {file = "bcrypt-5.0.0-cp39-abi3-musllinux_1_2_aarch64.whl", hash = "sha256:3ca8a166b1140436e058298a34d88032ab62f15aae1c598580333dc21d27ef10"},
    {file = "bcrypt-5.0.0-cp39-abi3-musllinux_1_2_x86_64.whl", hash = "sha256:61afc381250c3182d9078551e3ac3a41da14154fbff647ddf52a769f588c4172"},
    {file = "bcrypt-5.0.0-cp39-abi3-win32.whl", hash = "sha256:64d7ce196203e468c457c37ec22390f1a61c85c6f0b8160fd752940ccfb3a683"},
    {file = "bcrypt-5.0.0-cp39-abi3-win_amd64.whl", hash = "sha256:64ee8434b0da054d830fa8e89e1c8bf30061d539044a39524ff7dec90481e5c2"},
    {file = "bcrypt-5.0.0-cp39-abi3-win_arm64.whl", hash = "sha256:f2347d3534e76bf50bca5500989d6c1d05ed64b440408057a37673282c654927"},
    {file = "bcrypt-5.0.0-pp311-pypy311_pp73-manylinux_2_28_aarch64.whl", hash = "sha256:7edda91d5ab52b15636d9c30da87d2cc84f426c72b9dba7a9b4fe142ba11f534"},
    {file = "bcrypt-5.0.0-pp311-pypy311_pp73-manylinux_2_28_x86_64.whl", hash = "sha256:046ad6db88edb3c5ece4369af997938fb1c19d6a699b9c1b27b0db432faae4c4"},
    {file = "bcrypt-5.0.0-pp311-pypy311_pp73-manylinux_2_34_aarch64.whl", hash = "sha256:dcd58e2b3a908b5ecc9b9df2f0085592506ac2d5110786018ee5e160f28e0911"},
    {file = "bcrypt-5.0.0-pp311-pypy311_pp73-manylinux_2_34_x86_64.whl", hash = "sha256:6b8f520b61e8781efee73cba14e3e8c9556ccfb375623f4f97429544734545b4"},
    {file = "bcrypt-5.0.0.tar.gz", hash = "sha256:f748f7c2d6fd375cc93d3fba7ef4a9e3a092421b8dbf34d8d4dc06be9492dfdd"},
]

[package.extras]
tests = ["pytest (>=3.2.1,!=3.3.0)"]
typecheck = ["mypy"]

[[package]]
name = "greenlet"
version = "3.5.2"
description = "Lightweight in-process concurrent programming"
optional = false
python-versions = ">=3.10"
groups = ["main"]
markers = "platform_machine == \"aarch64\" or platform_machine == \"ppc64le\" or platform_machine == \"x86_64\" or platform_machine == \"amd64\" or platform_machine == \"AMD64\" or platform_machine == \"win32\" or platform_machine == \"WIN32\""
files = [
    {file = "greenlet-3.5.2-cp310-cp310-macosx_11_0_universal2.whl", hash = "sha256:9df9daae96848508450011d0d86ed7c95f8829a354ce438284a77b24896fd1f8"},
    {file = "greenlet-3.5.2-cp310-cp310-manylinux_2_24_aarch64.manylinux_2_28_aarch64.whl", hash = "sha256:01e32e9d2b1714a2b06184cb3071ff2a2fd9bc7d065e39198ab21f7253dad421"},
    {file = "greenlet-3.5.2-cp310-cp310-manylinux_2_24_ppc64le.manylinux_2_28_ppc64le.whl", hash = "sha256:0488ca77c94da5e09d1d9958f98b58cebba1b8fd9664c24898499133de927574"},
    {file = "greenlet-3.5.2-cp310-cp310-manylinux_2_24_s390x.manylinux_2_28_s390x.whl", hash = "sha256:bc18b8d33e6976804b9b792fe11cb3b1fee8b646e8a9e20bf521a429ddf73520"},
    {file = "greenlet-3.5.2-cp310-cp310-manylinux_2_24_x86_64.manylinux_2_28_x86_64.whl", hash = "sha256:6d9e19257794e28821c9ebd5e23f86d7c267cd9d390089374f068d2049f949e3"},
    {file = "greenlet-3.5.2-cp310-cp310-manylinux_2_39_riscv64.whl", hash = "sha256:2c6d6bfa4fdd7c39a0dbf112cdf28edbd19c517c810eefb6e4e71b0d55933a4c"},
    {file = "greenlet-3.5.2-cp310-cp310-musllinux_1_2_aarch64.whl", hash = "sha256:bf493b3c1c0a2324c49b0472e2280ba4665f3510d8115f6f807759a6163b15f7"},
    {file = "greenlet-3.5.2-cp310-cp310-musllinux_1_2_x86_64.whl", hash = "sha256:561dd919c02236a613fbf226791cbd77ee5002cbd5cb7e838869aa3ac7a71e16"},
    {file = "greenlet-3.5.2-cp310-cp310-win_amd64.whl", hash = "sha256:049827baab63dda8ab8ec5a6d07fc6eb0f418319cfc757fc8737a605e99ca1ad"},
    {file = "greenlet-3.5.2-cp311-cp311-macosx_11_0_universal2.whl", hash = "sha256:d7792398872f89466c6671d5d193537eff163ecf7fac78d82e6ddc25017fb4f5"},
    {file = "greenlet-3.5.2-cp311-cp311-manylinux_2_24_aarch64.manylinux_2_28_aarch64.whl", hash = "sha256:711028c953cd6ce5dc01bbb5a1747e3ad6bd8b2f7ded73778bb936e8dab9e3b6"},
    {file = "greenlet-3.5.2-cp311-cp311-manylinux_2_24_ppc64le.manylinux_2_28_ppc64le.whl", hash = "sha256:5eba55076d79e8a5176e6925295cfb901ebc95dae493342ede22230f75d8bee2"},
    {file = "greenlet-3.5.2-cp311-cp311-manylinux_2_24_s390x.manylinux_2_28_s390x.whl", hash = "sha256:1724499fc08388208408681c53c5062e9803c334e5a0bdaeb616228ba882aac8"},
    {file = "greenlet-3.5.2-cp311-cp311-manylinux_2_24_x86_64.manylinux_2_28_x86_64.whl", hash = "sha256:c1c1e5ad80f1f38ea479b83b39dccb20874cfe9ad5e52f87225fa294ba4d39a1"},
    {file = "greenlet-3.5.2-cp311-cp311-manylinux_2_39_riscv64.whl", hash = "sha256:e976f9f6941f57d87a194c91868622c8b22a142a741d2fde31655c319133ade6"},
    {file = "greenlet-3.5.2-cp311-cp311-musllinux_1_2_aarch64.whl", hash = "sha256:9e194b996aa1b89d933cfe136e5eb39b22a8b72ba59d376ef39a55bca4dbf47f"},
    {file = "greenlet-3.5.2-cp311-cp311-musllinux_1_2_x86_64.whl", hash = "sha256:4e554809538bd4867f24421b43abde170f9c9b8192149b30df5e164bcac6124f"},
    {file = "greenlet-3.5.2-cp311-cp311-win_amd64.whl", hash = "sha256:e063263ce9047878480d7e536012fc8b7c8e1922989eb5f03b9ab998a2ee7b7e"},
    {file = "greenlet-3.5.2-cp311-cp311-win_arm64.whl", hash = "sha256:a3f76a94e2d6e1fee8f302265679d8cc47d71a203936dd03c6e2ace0f9cfd46d"},
    {file = "greenlet-3.5.2-cp312-cp312-macosx_11_0_universal2.whl", hash = "sha256:76dae33e97b52743a19210931ee3e78a88fe1438bc2fc4ee5e7512d289bfad4f"},
    {file = "greenlet-3.5.2-cp312-cp312-manylinux_2_24_aarch64.manylinux_2_28_aarch64.whl", hash = "sha256:30252d191d6959df1d040b559a38fc017139606c5ecc2ad00416557c0355d742"},
    {file = "greenlet-3.5.2-cp312-cp312-manylinux_2_24_ppc64le.manylinux_2_28_ppc64le.whl", hash = "sha256:1adc23c50f22b0f5979521909a8360ab4a3d3bef8b641ce633a04cf1b1c967ea"},
    {file = "greenlet-3.5.2-cp312-cp312-manylinux_2_24_s390x.manylinux_2_28_s390x.whl", hash = "sha256:87359c23eb4e8f1b16da68faad29bf5aeb80e3628d7d8e4aa2e41c36879ddedd"},
    {file = "greenlet-3.5.2-cp312-cp312-manylinux_2_24_x86_64.manylinux_2_28_x86_64.whl", hash = "sha256:1f052fff492c52fdfa99bd3b3c1389a53de37dae76a0562741417f0d018f02b3"},
    {file = "greenlet-3.5.2-cp312-cp312-manylinux_2_39_riscv64.whl", hash = "sha256:f4d67c1684db3f9782c37ee4bade3f86f5a23a8fcf3f8359224106018ca40728"},
    {file = "greenlet-3.5.2-cp312-cp312-musllinux_1_2_aarch64.whl", hash = "sha256:120b77c2a18ebf629c3a7886f68c6d01e065654844ad468f15bb93ace66f2094"},
    {file = "greenlet-3.5.2-cp312-cp312-musllinux_1_2_x86_64.whl", hash = "sha256:a850f6224088ef7dcc70f1a545cb6b3d119c35d6dca63b925b9f35da0635cdad"},
    {file = "greenlet-3.5.2-cp312-cp312-win_amd64.whl", hash = "sha256:89da99ee8345b458ea2f16831dad31c88ddcdec454b48704d569a0b8fb28f146"},
    {file = "greenlet-3.5.2-cp312-cp312-win_arm64.whl", hash = "sha256:ca92411942154023c65851e6077d8ca0d00f19de5fa80bb2c6f196ff6c920ba9"},
    {file = "greenlet-3.5.2-cp313-cp313-macosx_11_0_universal2.whl", hash = "sha256:0629377725977252159de1ebd3c6e49c170a63856e585446797bb3d66d4d9c34"},
    {file = "greenlet-3.5.2-cp313-cp313-manylinux_2_24_aarch64.manylinux_2_28_aarch64.whl", hash = "sha256:a2ddf9eddc617681108dd071b3feabf3f4a4cd64846254aec4d4ceda098b639a"},
    {file = "greenlet-3.5.2-cp313-cp313-manylinux_2_24_ppc64le.manylinux_2_28_ppc64le.whl", hash = "sha256:f41feb9f2b59e2e61ac9bea4e344ddd9396bf3cacb2583f73a3595ed7df6f8e7"},
    {file = "greenlet-3.5.2-cp313-cp313-manylinux_2_24_s390x.manylinux_2_28_s390x.whl", hash = "sha256:9dc23f0e5ad76415457212a4b947d22ebe4dc80baf02adf7dd5647a90f38bb4e"},
    {file = "greenlet-3.5.2-cp313-cp313-manylinux_2_24_x86_64.manylinux_2_28_x86_64.whl", hash = "sha256:09201fa698768db245920b00fdc86ee3e73540f01ca6db162be9632642e1a473"},
    {file = "greenlet-3.5.2-cp313-cp313-manylinux_2_39_riscv64.whl", hash = "sha256:423167363c510a75b649f5cd58d873c29498ea03598b9e4b1c3b73e0f899f3d5"},
    {file = "greenlet-3.5.2-cp313-cp313-musllinux_1_2_aarch64.whl", hash = "sha256:a1759fa4f14c398508cf20dc8037de55cc23ae8bd14c185c2718257837195ca5"},
    {file = "greenlet-3.5.2-cp313-cp313-musllinux_1_2_x86_64.whl", hash = "sha256:b9318cdeb9abdbfdd8bc8464ee4a06dffde2c7846e1def138365a6240ab2c9a5"},
    {file = "greenlet-3.5.2-cp313-cp313-win_amd64.whl", hash = "sha256:2c3b3311af72b3d3b03cc0f1ffd11f072e834be5d0444105cf715fc44434e39c"},
    {file = "greenlet-3.5.2-cp313-cp313-win_arm64.whl", hash = "sha256:f9bbd6216c45a563c2a61e478e038b439d9f248bde44f775ea37d339da643af4"},
    {file = "greenlet-3.5.2-cp314-cp314-macosx_11_0_universal2.whl", hash = "sha256:1c31219badba285858ba8ed117f403dea7fafee6bade9a1991875aae530c3ceb"},
    {file = "greenlet-3.5.2-cp314-cp314-manylinux_2_24_aarch64.manylinux_2_28_aarch64.whl", hash = "sha256:6f96ed6f4adc1066954ae95f45717657cb67468ef3b89e9a3632e14a625a8f39"},
    {file = "greenlet-3.5.2-cp314-cp314-manylinux_2_24_ppc64le.manylinux_2_28_ppc64le.whl", hash = "sha256:5795e883e915333c0d5648faaa691857fbc7180136883edc377f50f0d509c2a8"},
    {file = "greenlet-3.5.2-cp314-cp314-manylinux_2_24_s390x.manylinux_2_28_s390x.whl", hash = "sha256:6e9e49d732ee92a189bb7035e293029244aeba648297a9b856dc733d17ca7f0d"},
    {file = "greenlet-3.5.2-cp314-cp314-manylinux_2_24_x86_64.manylinux_2_28_x86_64.whl", hash = "sha256:26aed8d9503ca78889141a9739d71b383efea5f472a7c522b5410f7eb2a1b163"},
    {file = "greenlet-3.5.2-cp314-cp314-manylinux_2_39_riscv64.whl", hash = "sha256:537c5c4f30395020bb9f48f53146070e3b997c3c75da14011ab732aaa19ce3ef"},
    {file = "greenlet-3.5.2-cp314-cp314-musllinux_1_2_aarch64.whl", hash = "sha256:dbebc038fcdda8f8f21cce985fd04e34e0f42007e7fc7ab7ad285caf77974b95"},
    {file = "greenlet-3.5.2-cp314-cp314-musllinux_1_2_x86_64.whl", hash = "sha256:a207023f1cf8695fd82580b8099c09c5809be18bc2282362cdfb965dd884a317"},
    {file = "greenlet-3.5.2-cp314-cp314-win_amd64.whl", hash = "sha256:c674a1dd4fe41f6a93febe7ab366ceabf15080ea31a9307811c56dac5f435f73"},
    {file = "greenlet-3.5.2-cp314-cp314-win_arm64.whl", hash = "sha256:3c417cd6c593bbbef6f7aa31a79f37d3db7d18832fc56b694a2150130bde784e"},
    {file = "greenlet-3.5.2-cp314-cp314t-macosx_11_0_universal2.whl", hash = "sha256:a96457a30384de52d9c5d2fd33abf6c1daae3db392cd556738f408b1a79a1cf0"},
    {file = "greenlet-3.5.2-cp314-cp314t-manylinux_2_24_aarch64.manylinux_2_28_aarch64.whl", hash = "sha256:e4af5d4961818ab651d09c1448a03b1ba2a1726a076266ebb62330bab9f3238c"},
    {file = "greenlet-3.5.2-cp314-cp314t-manylinux_2_24_ppc64le.manylinux_2_28_ppc64le.whl", hash = "sha256:a1789a6244ea1ba61fd4386c9a6a31873e9b0234762103364be98ef87dcb19f3"},
    {file = "greenlet-3.5.2-cp314-cp314t-manylinux_2_24_s390x.manylinux_2_28_s390x.whl", hash = "sha256:2ee6288f1933d698b4f098127ed17bda2910a75d2807915bd16294a972055d6c"},
    {file = "greenlet-3.5.2-cp314-cp314t-manylinux_2_24_x86_64.manylinux_2_28_x86_64.whl", hash = "sha256:3be00501fb4a8c37f6b4b3c4773808ceb26ea65c7ea64fd5735d0f330b3786de"},
    {file = "greenlet-3.5.2-cp314-cp314t-manylinux_2_39_riscv64.whl", hash = "sha256:b4cad42662c796334c2d24607c411e3ed82481c1fb4e1e8ec3a5a8416060092e"},
    {file = "greenlet-3.5.2-cp314-cp314t-musllinux_1_2_aarch64.whl", hash = "sha256:1d554cd96841a68d464d75a3736f8e87408a7b02b1930a75fa32feb408ad62f8"},
    {file = "greenlet-3.5.2-cp314-cp314t-musllinux_1_2_x86_64.whl", hash = "sha256:3dff6cd3aac35f6cd3fc23460105acf576f5faf6c378de0bc088bf37c913864a"},
    {file = "greenlet-3.5.2-cp314-cp314t-win_amd64.whl", hash = "sha256:36cfea2aa075d544617176b2e84450480f0797070ad8799a8c41ada2fe449d32"},
    {file = "greenlet-3.5.2-cp315-cp315-macosx_11_0_universal2.whl", hash = "sha256:a0314aa832c94633355dc6f3ee54f195159533355a323f26926fc63b98b2ccbb"},
    {file = "greenlet-3.5.2-cp315-cp315-manylinux_2_24_aarch64.manylinux_2_28_aarch64.whl", hash = "sha256:24c59cb7db9d5c694cb8fd0c76eef8e456b2123afdfa7e4b8f2a67a0860d7682"},
    {file = "greenlet-3.5.2-cp315-cp315-manylinux_2_24_ppc64le.manylinux_2_28_ppc64le.whl", hash = "sha256:7bb811753703739ad318112f16eccfaabdac050037b6d092debaa8b23566b4ce"},
    {file = "greenlet-3.5.2-cp315-cp315-manylinux_2_24_s390x.manylinux_2_28_s390x.whl", hash = "sha256:2debcd0ef9455b7d4879589903efc8e497d4b8fb8c0ae772309e44d1ca5e957f"},
    {file = "greenlet-3.5.2-cp315-cp315-manylinux_2_24_x86_64.manylinux_2_28_x86_64.whl", hash = "sha256:6d78b5c1c178dad90447f1b8452262709d3eef4c98f825569e74c9d0b2260ac9"},
    {file = "greenlet-3.5.2-cp315-cp315-manylinux_2_39_riscv64.whl", hash = "sha256:9558cae989faeab6fbb425cd98a0cfa4190a47fba6443973fbee0a1eb0b0b6c3"},
    {file = "greenlet-3.5.2-cp315-cp315-musllinux_1_2_aarch64.whl", hash = "sha256:0977af2df83136f81c1f76e76d4e2fe7d0dc56ea9c101a86af26a95190b9ca32"},
    {file = "greenlet-3.5.2-cp315-cp315-musllinux_1_2_x86_64.whl", hash = "sha256:f9ed777c6891d8253e54468576f55e27f8fc1a662a664f946a191003574c0a74"},
    {file = "greenlet-3.5.2-cp315-cp315-win_amd64.whl", hash = "sha256:c0ea4eb3de23f0bac1d75205e10ccfa9b418b17b01a2d7bf19e3b69dda08900a"},
    {file = "greenlet-3.5.2-cp315-cp315-win_arm64.whl", hash = "sha256:7a7bfc200be40d04961d7e80e8337d726c0c1a50777e588123c3ed8ba731dcb9"},
    {file = "greenlet-3.5.2-cp315-cp315t-macosx_11_0_universal2.whl", hash = "sha256:98a52d6a50d4deaba304331d83ee3e10ebbdc1517fcca40b2715d1de4534065c"},
    {file = "greenlet-3.5.2-cp315-cp315t-manylinux_2_24_aarch64.manylinux_2_28_aarch64.whl", hash = "sha256:1587ff8b58fdf806993ed1490a06ac19c22d47b219c68b30954380029045d8d4"},
    {file = "greenlet-3.5.2-cp315-cp315t-manylinux_2_24_ppc64le.manylinux_2_28_ppc64le.whl", hash = "sha256:feb721811d2754bfd16b48de151dd6b1f222c048e625151f2ca44cfdfd69f59c"},
    {file = "greenlet-3.5.2-cp315-cp315t-manylinux_2_24_s390x.manylinux_2_28_s390x.whl", hash = "sha256:a9476cbead736dc48ce89e3cd97acff95ecc48cbf21273603a438f9870c4a014"},
    {file = "greenlet-3.5.2-cp315-cp315t-manylinux_2_24_x86_64.manylinux_2_28_x86_64.whl", hash = "sha256:7fe6062b1f35534e1e8fb28dfed406cf4eeff3e0bca3a0d9f8ff69f20a4abb00"},
    {file = "greenlet-3.5.2-cp315-cp315t-manylinux_2_39_riscv64.whl", hash = "sha256:5930d3946ecae99fa7fc0e3f3ae515426ad85058ebd9bfc6c00cca8016e6206b"},
    {file = "greenlet-3.5.2-cp315-cp315t-musllinux_1_2_aarch64.whl", hash = "sha256:b4ac902af825cbac8e9b2fccab8122236fd2ba6c8b71a080116d2c2ec72671b1"},
    {file = "greenlet-3.5.2-cp315-cp315t-musllinux_1_2_x86_64.whl", hash = "sha256:6f1e473c06ae8be00c9034c2bb10fa277b08a93287e3111c395b839f01d27e1f"},
    {file = "greenlet-3.5.2-cp315-cp315t-win_amd64.whl", hash = "sha256:3c2315045f9983e2e50d7e89d95405c21bddb8745f2da4487bc080ab3525f904"},
    {file = "greenlet-3.5.2-cp315-cp315t-win_arm64.whl", hash = "sha256:db548d5ab6c2a8ead82c013f875090d79b5d7d2b67fc513934ce6cf66492ad7f"},
    {file = "greenlet-3.5.2.tar.gz", hash = "sha256:c1b906220d83c140361cdd12eef970fb5881a168b98ee58a43786426173da14c"},
]

[package.extras]
docs = ["Sphinx", "furo"]
test = ["objgraph", "psutil", "setuptools"]

[[package]]
name = "pymysql"
version = "1.2.0"
description = "Pure Python MySQL Driver"
optional = false
python-versions = ">=3.9"
groups = ["main"]
files = [
    {file = "pymysql-1.2.0-py3-none-any.whl", hash = "sha256:62169ce6d5510f08e140c5e7990ee884a9764024e4a9a27b2cc11f1099322ae0"},
    {file = "pymysql-1.2.0.tar.gz", hash = "sha256:6c7b17ca686988104d7426c27895b455cdeea3e9d3ceb1270f0c3704fead8c33"},
]

[package.extras]
ed25519 = ["PyNaCl (>=1.6.2)"]
rsa = ["cryptography (>=46.0.7)"]

[[package]]
name = "python-dotenv"
version = "1.2.2"
description = "Read key-value pairs from a .env file and set them as environment variables"
optional = false
python-versions = ">=3.10"
groups = ["main"]
files = [
    {file = "python_dotenv-1.2.2-py3-none-any.whl", hash = "sha256:1d8214789a24de455a8b8bd8ae6fe3c6b69a5e3d64aa8a8e5d68e694bbcb285a"},
    {file = "python_dotenv-1.2.2.tar.gz", hash = "sha256:2c371a91fbd7ba082c2c1dc1f8bf89ca22564a087c2c287cd9b662adde799cf3"},
]

[package.extras]
cli = ["click (>=5.0)"]

[[package]]
name = "sqlalchemy"
version = "2.0.51"
description = "Database Abstraction Library"
optional = false
python-versions = ">=3.7"
groups = ["main"]
files = [
    {file = "sqlalchemy-2.0.51-cp310-cp310-macosx_11_0_arm64.whl", hash = "sha256:0e8203d2fbd5c6254692ef0a72c740d75b2f3c7ca345404f4c1a4604813c77c0"},
    {file = "sqlalchemy-2.0.51-cp310-cp310-manylinux2014_aarch64.manylinux_2_17_aarch64.manylinux_2_28_aarch64.whl", hash = "sha256:1af05726b3d0cdba1c55284bf408fd3b792e690fe2399bfb8304565551cda652"},
    {file = "sqlalchemy-2.0.51-cp310-cp310-manylinux2014_x86_64.manylinux_2_17_x86_64.manylinux_2_28_x86_64.whl", hash = "sha256:2e54ff2dd657f2e3e0fbf2b097db1182f7bfea263eca4353f00065bae2a67c3d"},
    {file = "sqlalchemy-2.0.51-cp310-cp310-musllinux_1_2_aarch64.whl", hash = "sha256:1e47b1199c2e832e325eacabc8d32d2487f58c9358f97e9a00f5eb93c5680d84"},
    {file = "sqlalchemy-2.0.51-cp310-cp310-musllinux_1_2_x86_64.whl", hash = "sha256:c68568f3facf8f66fa76c60e0ced69b67666ffa9941d1d0a3756fda196049080"},
    {file = "sqlalchemy-2.0.51-cp310-cp310-win32.whl", hash = "sha256:0592bdadf86ddcabfd72d9ab66ea8a5d8d2cc6be1cc51fa7e66c03868ac5eac1"},
    {file = "sqlalchemy-2.0.51-cp310-cp310-win_amd64.whl", hash = "sha256:740cf6f35351b1ac3d82369152acf1d51d37e3dcf85d4dc0a22ca01410eabe2a"},
    {file = "sqlalchemy-2.0.51-cp311-cp311-macosx_11_0_arm64.whl", hash = "sha256:1aa10c0daee6705294d181daadaa793221e1a59ed55000a3fab1d42b088ce4ba"},
    {file = "sqlalchemy-2.0.51-cp311-cp311-manylinux2014_aarch64.manylinux_2_17_aarch64.manylinux_2_28_aarch64.whl", hash = "sha256:a5b2ed6d828f1f09bd812861f4f59ca3bc3803f9df871f4555187f0faf018604"},
    {file = "sqlalchemy-2.0.51-cp311-cp311-manylinux2014_x86_64.manylinux_2_17_x86_64.manylinux_2_28_x86_64.whl", hash = "sha256:436728ce18a80f6951a1e11cc6112c2ede9faf20766f1a26195a7c441ca12dbd"},
    {file = "sqlalchemy-2.0.51-cp311-cp311-musllinux_1_2_aarch64.whl", hash = "sha256:dc261707bf5739aea8a541593f3cc1d463c2701fb05fbcbba0ce031b69a21260"},
    {file = "sqlalchemy-2.0.51-cp311-cp311-musllinux_1_2_x86_64.whl", hash = "sha256:a6d26094615306d116dd5e4a51b0304c99dd2356fc569eed6922a80a6bd3b265"},
    {file = "sqlalchemy-2.0.51-cp311-cp311-win32.whl", hash = "sha256:ca8435d13829b92f4a97362d91975154a4015db3a2634154e1754e9a915e6b86"},
    {file = "sqlalchemy-2.0.51-cp311-cp311-win_amd64.whl", hash = "sha256:4a011ea4510683319ce4ed274b56ee05194b39b6da9d09ca7a39388f0fa84dcc"},
    {file = "sqlalchemy-2.0.51-cp312-cp312-macosx_11_0_arm64.whl", hash = "sha256:7d78702b26ba1c18b2d0fb2ea940ba7f17a9581b42e8361ff93920ebbee1235a"},
    {file = "sqlalchemy-2.0.51-cp312-cp312-manylinux2014_aarch64.manylinux_2_17_aarch64.manylinux_2_28_aarch64.whl", hash = "sha256:581921d849d6e6f994d560389192955e80e2950e18fcdfe2ccea863e01158e6e"},
    {file = "sqlalchemy-2.0.51-cp312-cp312-manylinux2014_x86_64.manylinux_2_17_x86_64.manylinux_2_28_x86_64.whl", hash = "sha256:1d21ce524ab86c23046e992a5b81cb54c21079c6df6e78b8fc77d77cac70a6b9"},
    {file = "sqlalchemy-2.0.51-cp312-cp312-musllinux_1_2_aarch64.whl", hash = "sha256:c5d98a2709840027f5a347c3af0a7c3d5f6c1ff93af2ca1c54494e23cba8f389"},
    {file = "sqlalchemy-2.0.51-cp312-cp312-musllinux_1_2_x86_64.whl", hash = "sha256:1181256e0f16479691b5616d36375dc2620ad8332b25978763c3d206ad3f3f1d"},
    {file = "sqlalchemy-2.0.51-cp312-cp312-win32.whl", hash = "sha256:9f380393be5abeb6815f68fd39271b95127173511b6706b0a630a9995d53f8f5"},
    {file = "sqlalchemy-2.0.51-cp312-cp312-win_amd64.whl", hash = "sha256:2cf39aabdf48e87c1c2c2ed6d20d33ffa0733b3071ce9c5f66357947dd009080"},
    {file = "sqlalchemy-2.0.51-cp313-cp313-macosx_11_0_arm64.whl", hash = "sha256:7c2056838b6685b72fdb36c99996cf862753461a62f2e84f4196371d3b2d6a07"},
    {file = "sqlalchemy-2.0.51-cp313-cp313-manylinux2014_aarch64.manylinux_2_17_aarch64.manylinux_2_28_aarch64.whl", hash = "sha256:483b11bd46bf35fc14c52faf338b04300c9e6ce554bce9b11be85bfec3bc3195"},
    {file = "sqlalchemy-2.0.51-cp313-cp313-manylinux2014_x86_64.manylinux_2_17_x86_64.manylinux_2_28_x86_64.whl", hash = "sha256:1bed1ee8b01da6088210aa9412023326fb98a599ba502e6118308601dcbef77f"},
    {file = "sqlalchemy-2.0.51-cp313-cp313-musllinux_1_2_aarch64.whl", hash = "sha256:72ca54c952107ba5cd58854b67a5a6268631289d21651a1235396f3b98b47400"},
    {file = "sqlalchemy-2.0.51-cp313-cp313-musllinux_1_2_x86_64.whl", hash = "sha256:b3e693d15533a45cd5906f0589f9c35090bef6ef45bf1e8195c424aa0ae06a8d"},
    {file = "sqlalchemy-2.0.51-cp313-cp313-win32.whl", hash = "sha256:b93ab07b5292dbe7e6b8da89475275e7042744283921344b56105f3eeb0f828b"},
    {file = "sqlalchemy-2.0.51-cp313-cp313-win_amd64.whl", hash = "sha256:0f053118c30e53161857a953e4de667d90e274980dccbe5dd3829bbbeece72a5"},
    {file = "sqlalchemy-2.0.51-cp314-cp314-macosx_11_0_arm64.whl", hash = "sha256:6ea306caaae6bd5afd0a46050003c88f6bf33227377a49298c498c3cb88ff491"},
    {file = "sqlalchemy-2.0.51-cp314-cp314-manylinux2014_aarch64.manylinux_2_17_aarch64.manylinux_2_28_aarch64.whl", hash = "sha256:c45a496d6bc05dec41dcd4c3a2b183723f47473255c159cd80b503c8f246424d"},
    {file = "sqlalchemy-2.0.51-cp314-cp314-manylinux2014_x86_64.manylinux_2_17_x86_64.manylinux_2_28_x86_64.whl", hash = "sha256:4004ada0aafe8ae1991b2cd1d99c6d9146126e123bd6f883c260d974aa012e54"},
    {file = "sqlalchemy-2.0.51-cp314-cp314-musllinux_1_2_aarch64.whl", hash = "sha256:0f6bcad487aee1c638d707235682fc96f741de00663619881ab235400d03289e"},
    {file = "sqlalchemy-2.0.51-cp314-cp314-musllinux_1_2_x86_64.whl", hash = "sha256:39a76529db6305693d8d4affa58ad5b5e2e18edd62daea628b29b97930b3513d"},
    {file = "sqlalchemy-2.0.51-cp314-cp314-win32.whl", hash = "sha256:08a204d8b5638717c26a24df18fcf40af45a6b22e35b70b1d62f0113c2e278e8"},
    {file = "sqlalchemy-2.0.51-cp314-cp314-win_amd64.whl", hash = "sha256:96747bfbadb055466e5b46d572618170046b45ce5a4879167f50d70a5319a499"},
    {file = "sqlalchemy-2.0.51-cp314-cp314t-macosx_11_0_arm64.whl", hash = "sha256:e5ea1a213be1fcd5e49d9904c3b9939211ded90bc2a64e93f4c01963474285de"},
    {file = "sqlalchemy-2.0.51-cp314-cp314t-manylinux2014_aarch64.manylinux_2_17_aarch64.manylinux_2_28_aarch64.whl", hash = "sha256:7c6b36ed71f41942bdcd2ad2522be46bfce09d5705be5640ecf19bbc7660e4b7"},
    {file = "sqlalchemy-2.0.51-cp314-cp314t-manylinux2014_x86_64.manylinux_2_17_x86_64.manylinux_2_28_x86_64.whl", hash = "sha256:0c2c62877097e1a0db401fba5cb4debee33265e5b2a55c4ccb489c02c53b4f72"},
    {file = "sqlalchemy-2.0.51-cp314-cp314t-musllinux_1_2_aarch64.whl", hash = "sha256:0378d055e9e8cd6ce4d8dff683bdd3d7d413533c4ee51d67a2b1e0f9eacc0f23"},
    {file = "sqlalchemy-2.0.51-cp314-cp314t-musllinux_1_2_x86_64.whl", hash = "sha256:6e46fc36029eff666391e0531e5387b62ce6c4f1d8e50b3fb3099eaca1b42522"},
    {file = "sqlalchemy-2.0.51-cp314-cp314t-win32.whl", hash = "sha256:9161cfc9efce70d1715f47d6ff40f79c6778c00d53be4fbc09d70301e4b83ba7"},
    {file = "sqlalchemy-2.0.51-cp314-cp314t-win_amd64.whl", hash = "sha256:159bb6ba32059f57ad7375a8f50d844dd2f19d14954ecf820cd33e20debd46b2"},
    {file = "sqlalchemy-2.0.51-cp38-cp38-macosx_11_0_arm64.whl", hash = "sha256:bb1f5062f98b0b3290e72b707747fdd7e0f22d6956b236ba7ca7f5c9971d2da2"},
    {file = "sqlalchemy-2.0.51-cp38-cp38-manylinux2014_aarch64.manylinux_2_17_aarch64.manylinux_2_28_aarch64.whl", hash = "sha256:247acaa29ccef6250dfd6a3eedf8f94ddf23564180a39fe362e32ae9dbdbde46"},
    {file = "sqlalchemy-2.0.51-cp38-cp38-manylinux2014_x86_64.manylinux_2_17_x86_64.manylinux_2_28_x86_64.whl", hash = "sha256:c95ef01f53233a305a874a44a63fbfb1d81cd79b49de0f8529b3548cde437e37"},
    {file = "sqlalchemy-2.0.51-cp38-cp38-musllinux_1_2_aarch64.whl", hash = "sha256:fa268106c8987639a17a18514cfe0cd9bf17420ab887e1e1bf486da8836135b1"},
    {file = "sqlalchemy-2.0.51-cp38-cp38-musllinux_1_2_x86_64.whl", hash = "sha256:b7f08588854bbb724041d9ae9d980d40040c922382e1d9a2ecb390edc4fd5032"},
    {file = "sqlalchemy-2.0.51-cp38-cp38-win32.whl", hash = "sha256:6b588fd681ddf0c196b8df1ea49a8913514894b2b8f945a9511b4b48871f99c8"},
    {file = "sqlalchemy-2.0.51-cp38-cp38-win_amd64.whl", hash = "sha256:ca216e8af5c05e326efc7e28716ac2381a7cf9791749f5ee1849dccdc99c9b00"},
    {file = "sqlalchemy-2.0.51-cp39-cp39-macosx_11_0_arm64.whl", hash = "sha256:aa18ae738b5170e253ad0bb6c4b0f07585081e8a6e50893e4d911d47b39a0904"},
    {file = "sqlalchemy-2.0.51-cp39-cp39-manylinux2014_aarch64.manylinux_2_17_aarch64.manylinux_2_28_aarch64.whl", hash = "sha256:59cab3686b1bc039dd9cded2f8d0c08a246e84e76bd4ab5b4f18c7cdae293825"},
    {file = "sqlalchemy-2.0.51-cp39-cp39-manylinux2014_x86_64.manylinux_2_17_x86_64.manylinux_2_28_x86_64.whl", hash = "sha256:111604e637da87031255ddc26c7d7bc22bc6af6f5d459ccff3af1b4660233a85"},
    {file = "sqlalchemy-2.0.51-cp39-cp39-musllinux_1_2_aarch64.whl", hash = "sha256:ad30ae663711786303fbcd46a47516302d201ee49a877cb3fac61f672895110a"},
    {file = "sqlalchemy-2.0.51-cp39-cp39-musllinux_1_2_x86_64.whl", hash = "sha256:b21f0e7efc7a5c509e953784e9d1575ebb8b4318960e7e7d7a93bb803626cf64"},
    {file = "sqlalchemy-2.0.51-cp39-cp39-win32.whl", hash = "sha256:a42ad6afcbaaa777241e347aa2e29155993045a0d6b7db74da61053ffe875fe0"},
    {file = "sqlalchemy-2.0.51-cp39-cp39-win_amd64.whl", hash = "sha256:2a97eaad21c84b4ef8010b11eeba9fe6153eb0b3df3ff8b6abc309df1b978ef7"},
    {file = "sqlalchemy-2.0.51-py3-none-any.whl", hash = "sha256:bb024d8b621d0be75f4f44ecc7c950450026e76d66dc8f791bb5331d7fed59d5"},
    {file = "sqlalchemy-2.0.51.tar.gz", hash = "sha256:804dccd8a4a6242c4e30ad961e540e18a588f6527202f2d6791b01845d59fdc9"},
]

[package.dependencies]
greenlet = {version = ">=1", markers = "platform_machine == \"aarch64\" or platform_machine == \"ppc64le\" or platform_machine == \"x86_64\" or platform_machine == \"amd64\" or platform_machine == \"AMD64\" or platform_machine == \"win32\" or platform_machine == \"WIN32\""}
typing-extensions = ">=4.6.0"

[package.extras]
aiomysql = ["aiomysql (>=0.2.0)", "greenlet (>=1)"]
aioodbc = ["aioodbc", "greenlet (>=1)"]
aiosqlite = ["aiosqlite", "greenlet (>=1)", "typing_extensions (!=3.10.0.1)"]
asyncio = ["greenlet (>=1)"]
asyncmy = ["asyncmy (>=0.2.3,!=0.2.4,!=0.2.6)", "greenlet (>=1)"]
mariadb-connector = ["mariadb (>=1.0.1,!=1.1.2,!=1.1.5,!=1.1.10)"]
mssql = ["pyodbc"]
mssql-pymssql = ["pymssql"]
mssql-pyodbc = ["pyodbc"]
mypy = ["mypy (>=0.910)"]
mysql = ["mysqlclient (>=1.4.0)"]
mysql-connector = ["mysql-connector-python"]
oracle = ["cx_oracle (>=8)"]
oracle-oracledb = ["oracledb (>=1.0.1)"]
postgresql = ["psycopg2 (>=2.7)"]
postgresql-asyncpg = ["asyncpg", "greenlet (>=1)"]
postgresql-pg8000 = ["pg8000 (>=1.29.1)"]
postgresql-psycopg = ["psycopg (>=3.0.7)"]
postgresql-psycopg2binary = ["psycopg2-binary"]
postgresql-psycopg2cffi = ["psycopg2cffi"]
postgresql-psycopgbinary = ["psycopg[binary] (>=3.0.7)"]
pymysql = ["pymysql"]
sqlcipher = ["sqlcipher3_binary"]

[[package]]
name = "typing-extensions"
version = "4.15.0"
description = "Backported and Experimental Type Hints for Python 3.9+"
optional = false
python-versions = ">=3.9"
groups = ["main"]
files = [
    {file = "typing_extensions-4.15.0-py3-none-any.whl", hash = "sha256:f0fa19c6845758ab08074a0cfa8b7aecb71c999ca73d62883bc25cc018c4e548"},
    {file = "typing_extensions-4.15.0.tar.gz", hash = "sha256:0cea48d173cc12fa28ecabc3b837ea3cf6f38c6d1136f85cbaaf598984861466"},
]

[metadata]
lock-version = "2.1"
python-versions = ">=3.14"
content-hash = "f257961763783e9ec9a260deb866c5ba0cd3c820cac602de2549632c4d0bfa9b"
